{
    "version": "0.5",
    "requires": [
        "zlib/1.3.1#cac0f6daea041b0ccf42934163defb20%1765284699.337",
        "yaml-cpp/0.8.0#131511e225a521dd94fd8b2ee2268ab2%1751505982.977",
        "openssl/3.6.1#2e0be4a996c7ca91feb31b7fe65117b9%1769599203.736",
        "onetbb/2022.3.0#a3f4c518f885f45432b8955142e08db0%1769010593.718",
        "libssh2/1.11.0#691fbdc58bd644f19218f59ff60024b6%1743424233.107",
        "libgit2/1.9.1#753408e29edbd4e56a275d16af539c79%1767966903.717",
        "libbacktrace/cci.20210118#a7691bfccd8caaf66309df196790a5a1%1722218217.276",
        "hwloc/2.12.2#81314118300a8ee69b352f2d1b21d9d7%1769010591.083",
        "http_parser/2.9.4#98d91690d6fd021e9e624218a85d9d97%1743410856.678",
        "gtest/1.17.0#5224b3b3ff3b4ce1133cbdd27d53ee7d%1755784855.585",
        "ftxui/6.1.9#053f78ab577d2d787fce0cd2e72bfa69%1748517521.121",
        "cli11/2.6.0#41e625280f9c960e9970c1dc7d2c97b8%1761229555.551",
        "bzip2/1.0.8#c470882369c2d95c5c77e970c0c7e321%1762886692.465",
        "boost/1.90.0#d5e8defe7355494953be18524a7f135b%1765955095.179"
    ],
    "build_requires": [
        "pkgconf/2.1.0#21f96520faf7660b99f872e956d2ac13%1755505630.82",
        "ninja/1.13.2#c8c5dc2a52ed6e4e42a66d75b4717ceb%1764096931.974",
        "meson/1.10.1#426d7d29e3e5f7285cb8398d84546734%1772032339.966",
        "cmake/3.31.11#f325c933f618a1fcebc1e1c0babfd1ba%1769622857.944",
        "b2/5.4.2#ffd6084a119587e70f11cd45d1a386e2%1766594659.866"
    ],
    "python_requires": [],
    "config_requires": []
}
